// !$*UTF8*$!
{
	archiveVersion = 1;
	classes = {
	};
	objectVersion = 50;
	objects = {

/* Begin PBXBuildFile section */
		191933472466E29700450C8F /* String + Height.swift in Sources */ = {isa = PBXBuildFile; fileRef = 191933462466E29700450C8F /* String + Height.swift */; };
		1933A53E2463008A0099DC6C /* NetworkService.swift in Sources */ = {isa = PBXBuildFile; fileRef = 1933A53D2463008A0099DC6C /* NetworkService.swift */; };
		1933A5402463063B0099DC6C /* VKAPI.swift in Sources */ = {isa = PBXBuildFile; fileRef = 1933A53F2463063B0099DC6C /* VKAPI.swift */; };
		193931E02475C07F0010C5A9 /* GalleryCollectionView.swift in Sources */ = {isa = PBXBuildFile; fileRef = 193931DF2475C07F0010C5A9 /* GalleryCollectionView.swift */; };
		193931E22475C0EA0010C5A9 /* GalleryCollectionViewCell.swift in Sources */ = {isa = PBXBuildFile; fileRef = 193931E12475C0EA0010C5A9 /* GalleryCollectionViewCell.swift */; };
		193931E42475C1040010C5A9 /* ItemLayout.swift in Sources */ = {isa = PBXBuildFile; fileRef = 193931E32475C1040010C5A9 /* ItemLayout.swift */; };
		1949D4DB246296FE00DB776D /* AuthViewController.storyboard in Resources */ = {isa = PBXBuildFile; fileRef = 1949D4DA246296FE00DB776D /* AuthViewController.storyboard */; };
		1949D4DE24629E8800DB776D /* AuthService.swift in Sources */ = {isa = PBXBuildFile; fileRef = 1949D4DD24629E8800DB776D /* AuthService.swift */; };
		1949D53E2462A2AF00DB776D /* SF-Compact-Text-BlackItalic.otf in Resources */ = {isa = PBXBuildFile; fileRef = 1949D4E02462A2A000DB776D /* SF-Compact-Text-BlackItalic.otf */; };
		1949D53F2462A2AF00DB776D /* SF-Compact-Rounded-Bold.otf in Resources */ = {isa = PBXBuildFile; fileRef = 1949D4E12462A2A000DB776D /* SF-Compact-Rounded-Bold.otf */; };
		1949D5402462A2AF00DB776D /* SF-Pro-Display-BlackItalic.otf in Resources */ = {isa = PBXBuildFile; fileRef = 1949D4E22462A2A000DB776D /* SF-Pro-Display-BlackItalic.otf */; };
		1949D5412462A2AF00DB776D /* SF-Pro-Rounded-Heavy.otf in Resources */ = {isa = PBXBuildFile; fileRef = 1949D4E32462A2A000DB776D /* SF-Pro-Rounded-Heavy.otf */; };
		1949D5422462A2AF00DB776D /* SF-Compact-Display-Light.otf in Resources */ = {isa = PBXBuildFile; fileRef = 1949D4E42462A2A000DB776D /* SF-Compact-Display-Light.otf */; };
		1949D5432462A2AF00DB776D /* SF-Pro-Text-MediumItalic.otf in Resources */ = {isa = PBXBuildFile; fileRef = 1949D4E52462A2A000DB776D /* SF-Pro-Text-MediumItalic.otf */; };
		1949D5442462A2AF00DB776D /* SF-Pro-Display-Bold.otf in Resources */ = {isa = PBXBuildFile; fileRef = 1949D4E62462A2A100DB776D /* SF-Pro-Display-Bold.otf */; };
		1949D5452462A2AF00DB776D /* SF-Mono-MediumItalic.otf in Resources */ = {isa = PBXBuildFile; fileRef = 1949D4E72462A2A100DB776D /* SF-Mono-MediumItalic.otf */; };
		1949D5462462A2AF00DB776D /* SF-Mono-Semibold.otf in Resources */ = {isa = PBXBuildFile; fileRef = 1949D4E82462A2A100DB776D /* SF-Mono-Semibold.otf */; };
		1949D5472462A2AF00DB776D /* SF-Mono-Medium.otf in Resources */ = {isa = PBXBuildFile; fileRef = 1949D4E92462A2A100DB776D /* SF-Mono-Medium.otf */; };
		1949D5482462A2AF00DB776D /* SF-Pro-Display-Medium.otf in Resources */ = {isa = PBXBuildFile; fileRef = 1949D4EA2462A2A100DB776D /* SF-Pro-Display-Medium.otf */; };
		1949D5492462A2AF00DB776D /* SF-Mono-LightItalic.otf in Resources */ = {isa = PBXBuildFile; fileRef = 1949D4EB2462A2A100DB776D /* SF-Mono-LightItalic.otf */; };
		1949D54A2462A2AF00DB776D /* SF-Pro-Text-Bold.otf in Resources */ = {isa = PBXBuildFile; fileRef = 1949D4EC2462A2A100DB776D /* SF-Pro-Text-Bold.otf */; };
		1949D54B2462A2AF00DB776D /* SF-Compact-Text-SemiboldItalic.otf in Resources */ = {isa = PBXBuildFile; fileRef = 1949D4ED2462A2A100DB776D /* SF-Compact-Text-SemiboldItalic.otf */; };
		1949D54C2462A2AF00DB776D /* SF-Pro-Text-BoldItalic.otf in Resources */ = {isa = PBXBuildFile; fileRef = 1949D4EE2462A2A200DB776D /* SF-Pro-Text-BoldItalic.otf */; };
		1949D54D2462A2AF00DB776D /* SF-Pro-Text-Regular.otf in Resources */ = {isa = PBXBuildFile; fileRef = 1949D4EF2462A2A200DB776D /* SF-Pro-Text-Regular.otf */; };
		1949D54E2462A2AF00DB776D /* SF-Pro-Text-Thin.otf in Resources */ = {isa = PBXBuildFile; fileRef = 1949D4F02462A2A200DB776D /* SF-Pro-Text-Thin.otf */; };
		1949D54F2462A2AF00DB776D /* SF-Compact-Display-Regular.otf in Resources */ = {isa = PBXBuildFile; fileRef = 1949D4F12462A2A200DB776D /* SF-Compact-Display-Regular.otf */; };
		1949D5502462A2AF00DB776D /* SF-Compact-Text-Heavy.otf in Resources */ = {isa = PBXBuildFile; fileRef = 1949D4F22462A2A200DB776D /* SF-Compact-Text-Heavy.otf */; };
		1949D5512462A2AF00DB776D /* SF-Pro-Display-UltralightItalic.otf in Resources */ = {isa = PBXBuildFile; fileRef = 1949D4F32462A2A200DB776D /* SF-Pro-Display-UltralightItalic.otf */; };
		1949D5522462A2AF00DB776D /* SF-Compact-Text-RegularItalic.otf in Resources */ = {isa = PBXBuildFile; fileRef = 1949D4F42462A2A200DB776D /* SF-Compact-Text-RegularItalic.otf */; };
		1949D5532462A2AF00DB776D /* SF-Pro-Text-Ultralight.otf in Resources */ = {isa = PBXBuildFile; fileRef = 1949D4F52462A2A300DB776D /* SF-Pro-Text-Ultralight.otf */; };
		1949D5542462A2AF00DB776D /* SF-Pro-Display-BoldItalic.otf in Resources */ = {isa = PBXBuildFile; fileRef = 1949D4F62462A2A300DB776D /* SF-Pro-Display-BoldItalic.otf */; };
		1949D5552462A2AF00DB776D /* SF-Compact-Display-Bold.otf in Resources */ = {isa = PBXBuildFile; fileRef = 1949D4F72462A2A300DB776D /* SF-Compact-Display-Bold.otf */; };
		1949D5562462A2AF00DB776D /* SF-Pro-Display-ThinItalic.otf in Resources */ = {isa = PBXBuildFile; fileRef = 1949D4F82462A2A300DB776D /* SF-Pro-Display-ThinItalic.otf */; };
		1949D5572462A2AF00DB776D /* SF-Compact-Text-Medium.otf in Resources */ = {isa = PBXBuildFile; fileRef = 1949D4F92462A2A300DB776D /* SF-Compact-Text-Medium.otf */; };
		1949D5582462A2AF00DB776D /* SF-Compact-Rounded-Ultralight.otf in Resources */ = {isa = PBXBuildFile; fileRef = 1949D4FA2462A2A300DB776D /* SF-Compact-Rounded-Ultralight.otf */; };
		1949D5592462A2AF00DB776D /* SF-Pro-Text-Heavy.otf in Resources */ = {isa = PBXBuildFile; fileRef = 1949D4FB2462A2A400DB776D /* SF-Pro-Text-Heavy.otf */; };
		1949D55A2462A2AF00DB776D /* SF-Pro-Text-SemiboldItalic.otf in Resources */ = {isa = PBXBuildFile; fileRef = 1949D4FC2462A2A400DB776D /* SF-Pro-Text-SemiboldItalic.otf */; };
		1949D55B2462A2AF00DB776D /* SF-Pro-Display-Light.otf in Resources */ = {isa = PBXBuildFile; fileRef = 1949D4FD2462A2A400DB776D /* SF-Pro-Display-Light.otf */; };
		1949D55C2462A2AF00DB776D /* SF-Compact-Text-Regular.otf in Resources */ = {isa = PBXBuildFile; fileRef = 1949D4FE2462A2A400DB776D /* SF-Compact-Text-Regular.otf */; };
		1949D55D2462A2AF00DB776D /* SF-Compact-Text-UltralightItalic.otf in Resources */ = {isa = PBXBuildFile; fileRef = 1949D4FF2462A2A400DB776D /* SF-Compact-Text-UltralightItalic.otf */; };
		1949D55E2462A2AF00DB776D /* SF-Compact-Display-Black.otf in Resources */ = {isa = PBXBuildFile; fileRef = 1949D5002462A2A400DB776D /* SF-Compact-Display-Black.otf */; };
		1949D55F2462A2AF00DB776D /* SF-Pro-Display-MediumItalic.otf in Resources */ = {isa = PBXBuildFile; fileRef = 1949D5012462A2A400DB776D /* SF-Pro-Display-MediumItalic.otf */; };
		1949D5602462A2AF00DB776D /* SF-Compact-Display-Heavy.otf in Resources */ = {isa = PBXBuildFile; fileRef = 1949D5022462A2A500DB776D /* SF-Compact-Display-Heavy.otf */; };
		1949D5612462A2AF00DB776D /* SF-Pro-Rounded-Semibold.otf in Resources */ = {isa = PBXBuildFile; fileRef = 1949D5032462A2A500DB776D /* SF-Pro-Rounded-Semibold.otf */; };
		1949D5622462A2AF00DB776D /* SF-Mono-BoldItalic.otf in Resources */ = {isa = PBXBuildFile; fileRef = 1949D5042462A2A500DB776D /* SF-Mono-BoldItalic.otf */; };
		1949D5632462A2AF00DB776D /* SF-Compact-Rounded-Semibold.otf in Resources */ = {isa = PBXBuildFile; fileRef = 1949D5052462A2A500DB776D /* SF-Compact-Rounded-Semibold.otf */; };
		1949D5642462A2AF00DB776D /* SF-Pro-Text-ThinItalic.otf in Resources */ = {isa = PBXBuildFile; fileRef = 1949D5062462A2A600DB776D /* SF-Pro-Text-ThinItalic.otf */; };
		1949D5652462A2AF00DB776D /* Arial Unicode.ttf in Resources */ = {isa = PBXBuildFile; fileRef = 1949D5072462A2A600DB776D /* Arial Unicode.ttf */; };
		1949D5662462A2AF00DB776D /* SF-Pro-Rounded-Bold.otf in Resources */ = {isa = PBXBuildFile; fileRef = 1949D5082462A2A600DB776D /* SF-Pro-Rounded-Bold.otf */; };
		1949D5672462A2AF00DB776D /* SF-Pro-Rounded-Black.otf in Resources */ = {isa = PBXBuildFile; fileRef = 1949D5092462A2A600DB776D /* SF-Pro-Rounded-Black.otf */; };
		1949D5682462A2AF00DB776D /* SF-Compact-Rounded-Black.otf in Resources */ = {isa = PBXBuildFile; fileRef = 1949D50A2462A2A600DB776D /* SF-Compact-Rounded-Black.otf */; };
		1949D5692462A2AF00DB776D /* SF-Mono-Regular.otf in Resources */ = {isa = PBXBuildFile; fileRef = 1949D50B2462A2A700DB776D /* SF-Mono-Regular.otf */; };
		1949D56A2462A2AF00DB776D /* SF-Compact-Text-Bold.otf in Resources */ = {isa = PBXBuildFile; fileRef = 1949D50C2462A2A700DB776D /* SF-Compact-Text-Bold.otf */; };
		1949D56B2462A2AF00DB776D /* SF-Compact-Text-ThinItalic.otf in Resources */ = {isa = PBXBuildFile; fileRef = 1949D50D2462A2A700DB776D /* SF-Compact-Text-ThinItalic.otf */; };
		1949D56C2462A2AF00DB776D /* SF-Compact-Display-Semibold.otf in Resources */ = {isa = PBXBuildFile; fileRef = 1949D50E2462A2A700DB776D /* SF-Compact-Display-Semibold.otf */; };
		1949D56D2462A2AF00DB776D /* SF-Mono-Light.otf in Resources */ = {isa = PBXBuildFile; fileRef = 1949D50F2462A2A700DB776D /* SF-Mono-Light.otf */; };
		1949D56E2462A2AF00DB776D /* SF-Pro-Rounded-Regular.otf in Resources */ = {isa = PBXBuildFile; fileRef = 1949D5102462A2A700DB776D /* SF-Pro-Rounded-Regular.otf */; };
		1949D56F2462A2AF00DB776D /* SF-Compact-Rounded-Light.otf in Resources */ = {isa = PBXBuildFile; fileRef = 1949D5112462A2A700DB776D /* SF-Compact-Rounded-Light.otf */; };
		1949D5702462A2AF00DB776D /* SF-Compact-Text-BoldItalic.otf in Resources */ = {isa = PBXBuildFile; fileRef = 1949D5122462A2A800DB776D /* SF-Compact-Text-BoldItalic.otf */; };
		1949D5712462A2AF00DB776D /* SF-Mono-SemiboldItalic.otf in Resources */ = {isa = PBXBuildFile; fileRef = 1949D5132462A2A800DB776D /* SF-Mono-SemiboldItalic.otf */; };
		1949D5722462A2AF00DB776D /* SF-Pro-Display-Semibold.otf in Resources */ = {isa = PBXBuildFile; fileRef = 1949D5142462A2A800DB776D /* SF-Pro-Display-Semibold.otf */; };
		1949D5732462A2AF00DB776D /* SF-Compact-Display-Thin.otf in Resources */ = {isa = PBXBuildFile; fileRef = 1949D5152462A2A800DB776D /* SF-Compact-Display-Thin.otf */; };
		1949D5742462A2AF00DB776D /* SF-Compact-Rounded-Medium.otf in Resources */ = {isa = PBXBuildFile; fileRef = 1949D5162462A2A800DB776D /* SF-Compact-Rounded-Medium.otf */; };
		1949D5752462A2AF00DB776D /* SF-Compact-Rounded-Heavy.otf in Resources */ = {isa = PBXBuildFile; fileRef = 1949D5172462A2A800DB776D /* SF-Compact-Rounded-Heavy.otf */; };
		1949D5762462A2AF00DB776D /* SF-Compact-Text-Black.otf in Resources */ = {isa = PBXBuildFile; fileRef = 1949D5182462A2A900DB776D /* SF-Compact-Text-Black.otf */; };
		1949D5772462A2AF00DB776D /* SF-Pro-Display-HeavyItalic.otf in Resources */ = {isa = PBXBuildFile; fileRef = 1949D5192462A2A900DB776D /* SF-Pro-Display-HeavyItalic.otf */; };
		1949D5782462A2AF00DB776D /* SF-Pro-Display-RegularItalic.otf in Resources */ = {isa = PBXBuildFile; fileRef = 1949D51A2462A2A900DB776D /* SF-Pro-Display-RegularItalic.otf */; };
		1949D5792462A2AF00DB776D /* SF-Pro-Text-UltralightItalic.otf in Resources */ = {isa = PBXBuildFile; fileRef = 1949D51B2462A2A900DB776D /* SF-Pro-Text-UltralightItalic.otf */; };
		1949D57A2462A2AF00DB776D /* SF-Compact-Rounded-Thin.otf in Resources */ = {isa = PBXBuildFile; fileRef = 1949D51C2462A2A900DB776D /* SF-Compact-Rounded-Thin.otf */; };
		1949D57B2462A2AF00DB776D /* SF-Compact-Display-Ultralight.otf in Resources */ = {isa = PBXBuildFile; fileRef = 1949D51D2462A2A900DB776D /* SF-Compact-Display-Ultralight.otf */; };
		1949D57C2462A2AF00DB776D /* SF-Compact-Text-HeavyItalic.otf in Resources */ = {isa = PBXBuildFile; fileRef = 1949D51E2462A2A900DB776D /* SF-Compact-Text-HeavyItalic.otf */; };
		1949D57D2462A2AF00DB776D /* SF-Pro-Text-Light.otf in Resources */ = {isa = PBXBuildFile; fileRef = 1949D51F2462A2A900DB776D /* SF-Pro-Text-Light.otf */; };
		1949D57E2462A2AF00DB776D /* SF-Pro-Rounded-Ultralight.otf in Resources */ = {isa = PBXBuildFile; fileRef = 1949D5202462A2AA00DB776D /* SF-Pro-Rounded-Ultralight.otf */; };
		1949D57F2462A2AF00DB776D /* SF-Pro-Rounded-Medium.otf in Resources */ = {isa = PBXBuildFile; fileRef = 1949D5212462A2AA00DB776D /* SF-Pro-Rounded-Medium.otf */; };
		1949D5802462A2AF00DB776D /* SF-Pro-Text-HeavyItalic.otf in Resources */ = {isa = PBXBuildFile; fileRef = 1949D5222462A2AA00DB776D /* SF-Pro-Text-HeavyItalic.otf */; };
		1949D5812462A2AF00DB776D /* SF-Pro-Text-LightItalic.otf in Resources */ = {isa = PBXBuildFile; fileRef = 1949D5232462A2AA00DB776D /* SF-Pro-Text-LightItalic.otf */; };
		1949D5822462A2AF00DB776D /* SF-Pro-Text-RegularItalic.otf in Resources */ = {isa = PBXBuildFile; fileRef = 1949D5242462A2AA00DB776D /* SF-Pro-Text-RegularItalic.otf */; };
		1949D5832462A2AF00DB776D /* SF-Pro-Text-Medium.otf in Resources */ = {isa = PBXBuildFile; fileRef = 1949D5252462A2AA00DB776D /* SF-Pro-Text-Medium.otf */; };
		1949D5842462A2AF00DB776D /* SF-Pro-Display-Thin.otf in Resources */ = {isa = PBXBuildFile; fileRef = 1949D5262462A2AB00DB776D /* SF-Pro-Display-Thin.otf */; };
		1949D5852462A2AF00DB776D /* SF-Compact-Text-MediumItalic.otf in Resources */ = {isa = PBXBuildFile; fileRef = 1949D5272462A2AB00DB776D /* SF-Compact-Text-MediumItalic.otf */; };
		1949D5862462A2AF00DB776D /* SF-Pro-Display-LightItalic.otf in Resources */ = {isa = PBXBuildFile; fileRef = 1949D5282462A2AB00DB776D /* SF-Pro-Display-LightItalic.otf */; };
		1949D5872462A2AF00DB776D /* SF-Pro-Display-Regular.otf in Resources */ = {isa = PBXBuildFile; fileRef = 1949D5292462A2AB00DB776D /* SF-Pro-Display-Regular.otf */; };
		1949D5882462A2AF00DB776D /* SF-Compact-Text-Thin.otf in Resources */ = {isa = PBXBuildFile; fileRef = 1949D52A2462A2AB00DB776D /* SF-Compact-Text-Thin.otf */; };
		1949D5892462A2AF00DB776D /* SF-Mono-RegularItalic.otf in Resources */ = {isa = PBXBuildFile; fileRef = 1949D52B2462A2AB00DB776D /* SF-Mono-RegularItalic.otf */; };
		1949D58A2462A2AF00DB776D /* SF-Compact-Rounded-Regular.otf in Resources */ = {isa = PBXBuildFile; fileRef = 1949D52C2462A2AC00DB776D /* SF-Compact-Rounded-Regular.otf */; };
		1949D58B2462A2AF00DB776D /* SF-Compact-Text-Ultralight.otf in Resources */ = {isa = PBXBuildFile; fileRef = 1949D52D2462A2AC00DB776D /* SF-Compact-Text-Ultralight.otf */; };
		1949D58C2462A2AF00DB776D /* SF-Mono-Bold.otf in Resources */ = {isa = PBXBuildFile; fileRef = 1949D52E2462A2AC00DB776D /* SF-Mono-Bold.otf */; };
		1949D58D2462A2AF00DB776D /* SF-Pro-Display-SemiboldItalic.otf in Resources */ = {isa = PBXBuildFile; fileRef = 1949D52F2462A2AC00DB776D /* SF-Pro-Display-SemiboldItalic.otf */; };
		1949D58E2462A2AF00DB776D /* SF-Pro-Display-Ultralight.otf in Resources */ = {isa = PBXBuildFile; fileRef = 1949D5302462A2AC00DB776D /* SF-Pro-Display-Ultralight.otf */; };
		1949D58F2462A2AF00DB776D /* SF-Compact-Text-Semibold.otf in Resources */ = {isa = PBXBuildFile; fileRef = 1949D5312462A2AC00DB776D /* SF-Compact-Text-Semibold.otf */; };
		1949D5902462A2AF00DB776D /* SF-Compact-Text-LightItalic.otf in Resources */ = {isa = PBXBuildFile; fileRef = 1949D5322462A2AC00DB776D /* SF-Compact-Text-LightItalic.otf */; };
		1949D5912462A2AF00DB776D /* SF-Pro-Text-BlackItalic.otf in Resources */ = {isa = PBXBuildFile; fileRef = 1949D5332462A2AD00DB776D /* SF-Pro-Text-BlackItalic.otf */; };
		1949D5922462A2AF00DB776D /* SF-Pro-Text-Semibold.otf in Resources */ = {isa = PBXBuildFile; fileRef = 1949D5342462A2AD00DB776D /* SF-Pro-Text-Semibold.otf */; };
		1949D5932462A2AF00DB776D /* SF-Mono-HeavyItalic.otf in Resources */ = {isa = PBXBuildFile; fileRef = 1949D5352462A2AD00DB776D /* SF-Mono-HeavyItalic.otf */; };
		1949D5942462A2AF00DB776D /* SF-Pro-Rounded-Thin.otf in Resources */ = {isa = PBXBuildFile; fileRef = 1949D5362462A2AD00DB776D /* SF-Pro-Rounded-Thin.otf */; };
		1949D5952462A2AF00DB776D /* SF-Compact-Text-Light.otf in Resources */ = {isa = PBXBuildFile; fileRef = 1949D5372462A2AD00DB776D /* SF-Compact-Text-Light.otf */; };
		1949D5962462A2AF00DB776D /* SF-Mono-Heavy.otf in Resources */ = {isa = PBXBuildFile; fileRef = 1949D5382462A2AD00DB776D /* SF-Mono-Heavy.otf */; };
		1949D5972462A2AF00DB776D /* SF-Pro-Display-Black.otf in Resources */ = {isa = PBXBuildFile; fileRef = 1949D5392462A2AE00DB776D /* SF-Pro-Display-Black.otf */; };
		1949D5982462A2AF00DB776D /* SF-Pro-Display-Heavy.otf in Resources */ = {isa = PBXBuildFile; fileRef = 1949D53A2462A2AE00DB776D /* SF-Pro-Display-Heavy.otf */; };
		1949D5992462A2AF00DB776D /* SF-Pro-Rounded-Light.otf in Resources */ = {isa = PBXBuildFile; fileRef = 1949D53B2462A2AE00DB776D /* SF-Pro-Rounded-Light.otf */; };
		1949D59A2462A2AF00DB776D /* SF-Pro-Text-Black.otf in Resources */ = {isa = PBXBuildFile; fileRef = 1949D53C2462A2AE00DB776D /* SF-Pro-Text-Black.otf */; };
		1949D59B2462A2AF00DB776D /* SF-Compact-Display-Medium.otf in Resources */ = {isa = PBXBuildFile; fileRef = 1949D53D2462A2AF00DB776D /* SF-Compact-Display-Medium.otf */; };
		1949D59D2462D27D00DB776D /* FeedViewController.swift in Sources */ = {isa = PBXBuildFile; fileRef = 1949D59C2462D27D00DB776D /* FeedViewController.swift */; };
		1949D59F2462D29000DB776D /* FeedViewController.storyboard in Resources */ = {isa = PBXBuildFile; fileRef = 1949D59E2462D29000DB776D /* FeedViewController.storyboard */; };
		1964566F24640A1E00C98E5B /* NetworkDataFetcher.swift in Sources */ = {isa = PBXBuildFile; fileRef = 1964566E24640A1E00C98E5B /* NetworkDataFetcher.swift */; };
		19645678246465A100C98E5B /* VKNewsFeedPresenter.swift in Sources */ = {isa = PBXBuildFile; fileRef = 19645671246465A100C98E5B /* VKNewsFeedPresenter.swift */; };
		19645679246465A100C98E5B /* VKNewsFeedWorker.swift in Sources */ = {isa = PBXBuildFile; fileRef = 19645672246465A100C98E5B /* VKNewsFeedWorker.swift */; };
		1964567A246465A100C98E5B /* VKNewsFeedRouter.swift in Sources */ = {isa = PBXBuildFile; fileRef = 19645673246465A100C98E5B /* VKNewsFeedRouter.swift */; };
		1964567B246465A100C98E5B /* VKNewsFeedModels.swift in Sources */ = {isa = PBXBuildFile; fileRef = 19645674246465A100C98E5B /* VKNewsFeedModels.swift */; };
		1964567C246465A100C98E5B /* VKNewsFeedViewController.swift in Sources */ = {isa = PBXBuildFile; fileRef = 19645675246465A100C98E5B /* VKNewsFeedViewController.swift */; };
		1964567D246465A100C98E5B /* VKNewsFeedInteractor.swift in Sources */ = {isa = PBXBuildFile; fileRef = 19645676246465A100C98E5B /* VKNewsFeedInteractor.swift */; };
		1964568024655A6200C98E5B /* VKNewsFeedViewController.storyboard in Resources */ = {isa = PBXBuildFile; fileRef = 1964567F24655A6200C98E5B /* VKNewsFeedViewController.storyboard */; };
		19708F2E2463DBFD00861C1F /* VKFeedResponse.swift in Sources */ = {isa = PBXBuildFile; fileRef = 19708F2D2463DBFD00861C1F /* VKFeedResponse.swift */; };
		197A0A8F2462961E00B01EF0 /* VKSdkFramework.framework in Frameworks */ = {isa = PBXBuildFile; fileRef = 197A0A8E2462961E00B01EF0 /* VKSdkFramework.framework */; };
		197A0A902462961E00B01EF0 /* VKSdkFramework.framework in Embed Libraries */ = {isa = PBXBuildFile; fileRef = 197A0A8E2462961E00B01EF0 /* VKSdkFramework.framework */; settings = {ATTRIBUTES = (CodeSignOnCopy, RemoveHeadersOnCopy, ); }; };
		199EAE11246563DC00E0EEAC /* VKNewsFeedCell.swift in Sources */ = {isa = PBXBuildFile; fileRef = 199EAE0F246563DC00E0EEAC /* VKNewsFeedCell.swift */; };
		199EAE12246563DC00E0EEAC /* VKNewsFeedCell.xib in Resources */ = {isa = PBXBuildFile; fileRef = 199EAE10246563DC00E0EEAC /* VKNewsFeedCell.xib */; };
		199EAE152465E14000E0EEAC /* WebImageView.swift in Sources */ = {isa = PBXBuildFile; fileRef = 199EAE142465E14000E0EEAC /* WebImageView.swift */; };
		199EAE172466C9C800E0EEAC /* NewsFeedCellLayoutCalculator.swift in Sources */ = {isa = PBXBuildFile; fileRef = 199EAE162466C9C800E0EEAC /* NewsFeedCellLayoutCalculator.swift */; };
		19B7D1E5245A9A9A00824A24 /* AppDelegate.swift in Sources */ = {isa = PBXBuildFile; fileRef = 19B7D1E4245A9A9A00824A24 /* AppDelegate.swift */; };
		19B7D1E7245A9A9A00824A24 /* SceneDelegate.swift in Sources */ = {isa = PBXBuildFile; fileRef = 19B7D1E6245A9A9A00824A24 /* SceneDelegate.swift */; };
		19B7D1E9245A9A9A00824A24 /* AuthViewController.swift in Sources */ = {isa = PBXBuildFile; fileRef = 19B7D1E8245A9A9A00824A24 /* AuthViewController.swift */; };
		19B7D1EE245A9A9F00824A24 /* Assets.xcassets in Resources */ = {isa = PBXBuildFile; fileRef = 19B7D1ED245A9A9F00824A24 /* Assets.xcassets */; };
		19B7D1F1245A9A9F00824A24 /* LaunchScreen.storyboard in Resources */ = {isa = PBXBuildFile; fileRef = 19B7D1EF245A9A9F00824A24 /* LaunchScreen.storyboard */; };
		19DB6F5724674780005D0806 /* VKNewsFeedCodeCell.swift in Sources */ = {isa = PBXBuildFile; fileRef = 19DB6F5624674780005D0806 /* VKNewsFeedCodeCell.swift */; };
		19DB6F5924675693005D0806 /* Constreints.swift in Sources */ = {isa = PBXBuildFile; fileRef = 19DB6F5824675693005D0806 /* Constreints.swift */; };
/* End PBXBuildFile section */

/* Begin PBXCopyFilesBuildPhase section */
		19D9C743245ABA6D009B42B4 /* Embed Libraries */ = {
			isa = PBXCopyFilesBuildPhase;
			buildActionMask = 2147483647;
			dstPath = "";
			dstSubfolderSpec = 10;
			files = (
				197A0A902462961E00B01EF0 /* VKSdkFramework.framework in Embed Libraries */,
			);
			name = "Embed Libraries";
			runOnlyForDeploymentPostprocessing = 0;
		};
/* End PBXCopyFilesBuildPhase section */

/* Begin PBXFileReference section */
		191933462466E29700450C8F /* String + Height.swift */ = {isa = PBXFileReference; lastKnownFileType = sourcecode.swift; path = "String + Height.swift"; sourceTree = "<group>"; };
		1933A53D2463008A0099DC6C /* NetworkService.swift */ = {isa = PBXFileReference; lastKnownFileType = sourcecode.swift; path = NetworkService.swift; sourceTree = "<group>"; };
		1933A53F2463063B0099DC6C /* VKAPI.swift */ = {isa = PBXFileReference; lastKnownFileType = sourcecode.swift; path = VKAPI.swift; sourceTree = "<group>"; };
		193931DF2475C07F0010C5A9 /* GalleryCollectionView.swift */ = {isa = PBXFileReference; lastKnownFileType = sourcecode.swift; path = GalleryCollectionView.swift; sourceTree = "<group>"; };
		193931E12475C0EA0010C5A9 /* GalleryCollectionViewCell.swift */ = {isa = PBXFileReference; lastKnownFileType = sourcecode.swift; path = GalleryCollectionViewCell.swift; sourceTree = "<group>"; };
		193931E32475C1040010C5A9 /* ItemLayout.swift */ = {isa = PBXFileReference; lastKnownFileType = sourcecode.swift; path = ItemLayout.swift; sourceTree = "<group>"; };
		1949D4DA246296FE00DB776D /* AuthViewController.storyboard */ = {isa = PBXFileReference; lastKnownFileType = file.storyboard; path = AuthViewController.storyboard; sourceTree = "<group>"; };
		1949D4DD24629E8800DB776D /* AuthService.swift */ = {isa = PBXFileReference; lastKnownFileType = sourcecode.swift; path = AuthService.swift; sourceTree = "<group>"; };
		1949D4E02462A2A000DB776D /* SF-Compact-Text-BlackItalic.otf */ = {isa = PBXFileReference; lastKnownFileType = file; path = "SF-Compact-Text-BlackItalic.otf"; sourceTree = "<group>"; };
		1949D4E12462A2A000DB776D /* SF-Compact-Rounded-Bold.otf */ = {isa = PBXFileReference; lastKnownFileType = file; path = "SF-Compact-Rounded-Bold.otf"; sourceTree = "<group>"; };
		1949D4E22462A2A000DB776D /* SF-Pro-Display-BlackItalic.otf */ = {isa = PBXFileReference; lastKnownFileType = file; path = "SF-Pro-Display-BlackItalic.otf"; sourceTree = "<group>"; };
		1949D4E32462A2A000DB776D /* SF-Pro-Rounded-Heavy.otf */ = {isa = PBXFileReference; lastKnownFileType = file; path = "SF-Pro-Rounded-Heavy.otf"; sourceTree = "<group>"; };
		1949D4E42462A2A000DB776D /* SF-Compact-Display-Light.otf */ = {isa = PBXFileReference; lastKnownFileType = file; path = "SF-Compact-Display-Light.otf"; sourceTree = "<group>"; };
		1949D4E52462A2A000DB776D /* SF-Pro-Text-MediumItalic.otf */ = {isa = PBXFileReference; lastKnownFileType = file; path = "SF-Pro-Text-MediumItalic.otf"; sourceTree = "<group>"; };
		1949D4E62462A2A100DB776D /* SF-Pro-Display-Bold.otf */ = {isa = PBXFileReference; lastKnownFileType = file; path = "SF-Pro-Display-Bold.otf"; sourceTree = "<group>"; };
		1949D4E72462A2A100DB776D /* SF-Mono-MediumItalic.otf */ = {isa = PBXFileReference; lastKnownFileType = file; path = "SF-Mono-MediumItalic.otf"; sourceTree = "<group>"; };
		1949D4E82462A2A100DB776D /* SF-Mono-Semibold.otf */ = {isa = PBXFileReference; lastKnownFileType = file; path = "SF-Mono-Semibold.otf"; sourceTree = "<group>"; };
		1949D4E92462A2A100DB776D /* SF-Mono-Medium.otf */ = {isa = PBXFileReference; lastKnownFileType = file; path = "SF-Mono-Medium.otf"; sourceTree = "<group>"; };
		1949D4EA2462A2A100DB776D /* SF-Pro-Display-Medium.otf */ = {isa = PBXFileReference; lastKnownFileType = file; path = "SF-Pro-Display-Medium.otf"; sourceTree = "<group>"; };
		1949D4EB2462A2A100DB776D /* SF-Mono-LightItalic.otf */ = {isa = PBXFileReference; lastKnownFileType = file; path = "SF-Mono-LightItalic.otf"; sourceTree = "<group>"; };
		1949D4EC2462A2A100DB776D /* SF-Pro-Text-Bold.otf */ = {isa = PBXFileReference; lastKnownFileType = file; path = "SF-Pro-Text-Bold.otf"; sourceTree = "<group>"; };
		1949D4ED2462A2A100DB776D /* SF-Compact-Text-SemiboldItalic.otf */ = {isa = PBXFileReference; lastKnownFileType = file; path = "SF-Compact-Text-SemiboldItalic.otf"; sourceTree = "<group>"; };
		1949D4EE2462A2A200DB776D /* SF-Pro-Text-BoldItalic.otf */ = {isa = PBXFileReference; lastKnownFileType = file; path = "SF-Pro-Text-BoldItalic.otf"; sourceTree = "<group>"; };
		1949D4EF2462A2A200DB776D /* SF-Pro-Text-Regular.otf */ = {isa = PBXFileReference; lastKnownFileType = file; path = "SF-Pro-Text-Regular.otf"; sourceTree = "<group>"; };
		1949D4F02462A2A200DB776D /* SF-Pro-Text-Thin.otf */ = {isa = PBXFileReference; lastKnownFileType = file; path = "SF-Pro-Text-Thin.otf"; sourceTree = "<group>"; };
		1949D4F12462A2A200DB776D /* SF-Compact-Display-Regular.otf */ = {isa = PBXFileReference; lastKnownFileType = file; path = "SF-Compact-Display-Regular.otf"; sourceTree = "<group>"; };
		1949D4F22462A2A200DB776D /* SF-Compact-Text-Heavy.otf */ = {isa = PBXFileReference; lastKnownFileType = file; path = "SF-Compact-Text-Heavy.otf"; sourceTree = "<group>"; };
		1949D4F32462A2A200DB776D /* SF-Pro-Display-UltralightItalic.otf */ = {isa = PBXFileReference; lastKnownFileType = file; path = "SF-Pro-Display-UltralightItalic.otf"; sourceTree = "<group>"; };
		1949D4F42462A2A200DB776D /* SF-Compact-Text-RegularItalic.otf */ = {isa = PBXFileReference; lastKnownFileType = file; path = "SF-Compact-Text-RegularItalic.otf"; sourceTree = "<group>"; };
		1949D4F52462A2A300DB776D /* SF-Pro-Text-Ultralight.otf */ = {isa = PBXFileReference; lastKnownFileType = file; path = "SF-Pro-Text-Ultralight.otf"; sourceTree = "<group>"; };
		1949D4F62462A2A300DB776D /* SF-Pro-Display-BoldItalic.otf */ = {isa = PBXFileReference; lastKnownFileType = file; path = "SF-Pro-Display-BoldItalic.otf"; sourceTree = "<group>"; };
		1949D4F72462A2A300DB776D /* SF-Compact-Display-Bold.otf */ = {isa = PBXFileReference; lastKnownFileType = file; path = "SF-Compact-Display-Bold.otf"; sourceTree = "<group>"; };
		1949D4F82462A2A300DB776D /* SF-Pro-Display-ThinItalic.otf */ = {isa = PBXFileReference; lastKnownFileType = file; path = "SF-Pro-Display-ThinItalic.otf"; sourceTree = "<group>"; };
		1949D4F92462A2A300DB776D /* SF-Compact-Text-Medium.otf */ = {isa = PBXFileReference; lastKnownFileType = file; path = "SF-Compact-Text-Medium.otf"; sourceTree = "<group>"; };
		1949D4FA2462A2A300DB776D /* SF-Compact-Rounded-Ultralight.otf */ = {isa = PBXFileReference; lastKnownFileType = file; path = "SF-Compact-Rounded-Ultralight.otf"; sourceTree = "<group>"; };
		1949D4FB2462A2A400DB776D /* SF-Pro-Text-Heavy.otf */ = {isa = PBXFileReference; lastKnownFileType = file; path = "SF-Pro-Text-Heavy.otf"; sourceTree = "<group>"; };
		1949D4FC2462A2A400DB776D /* SF-Pro-Text-SemiboldItalic.otf */ = {isa = PBXFileReference; lastKnownFileType = file; path = "SF-Pro-Text-SemiboldItalic.otf"; sourceTree = "<group>"; };
		1949D4FD2462A2A400DB776D /* SF-Pro-Display-Light.otf */ = {isa = PBXFileReference; lastKnownFileType = file; path = "SF-Pro-Display-Light.otf"; sourceTree = "<group>"; };
		1949D4FE2462A2A400DB776D /* SF-Compact-Text-Regular.otf */ = {isa = PBXFileReference; lastKnownFileType = file; path = "SF-Compact-Text-Regular.otf"; sourceTree = "<group>"; };
		1949D4FF2462A2A400DB776D /* SF-Compact-Text-UltralightItalic.otf */ = {isa = PBXFileReference; lastKnownFileType = file; path = "SF-Compact-Text-UltralightItalic.otf"; sourceTree = "<group>"; };
		1949D5002462A2A400DB776D /* SF-Compact-Display-Black.otf */ = {isa = PBXFileReference; lastKnownFileType = file; path = "SF-Compact-Display-Black.otf"; sourceTree = "<group>"; };
		1949D5012462A2A400DB776D /* SF-Pro-Display-MediumItalic.otf */ = {isa = PBXFileReference; lastKnownFileType = file; path = "SF-Pro-Display-MediumItalic.otf"; sourceTree = "<group>"; };
		1949D5022462A2A500DB776D /* SF-Compact-Display-Heavy.otf */ = {isa = PBXFileReference; lastKnownFileType = file; path = "SF-Compact-Display-Heavy.otf"; sourceTree = "<group>"; };
		1949D5032462A2A500DB776D /* SF-Pro-Rounded-Semibold.otf */ = {isa = PBXFileReference; lastKnownFileType = file; path = "SF-Pro-Rounded-Semibold.otf"; sourceTree = "<group>"; };
		1949D5042462A2A500DB776D /* SF-Mono-BoldItalic.otf */ = {isa = PBXFileReference; lastKnownFileType = file; path = "SF-Mono-BoldItalic.otf"; sourceTree = "<group>"; };
		1949D5052462A2A500DB776D /* SF-Compact-Rounded-Semibold.otf */ = {isa = PBXFileReference; lastKnownFileType = file; path = "SF-Compact-Rounded-Semibold.otf"; sourceTree = "<group>"; };
		1949D5062462A2A600DB776D /* SF-Pro-Text-ThinItalic.otf */ = {isa = PBXFileReference; lastKnownFileType = file; path = "SF-Pro-Text-ThinItalic.otf"; sourceTree = "<group>"; };
		1949D5072462A2A600DB776D /* Arial Unicode.ttf */ = {isa = PBXFileReference; lastKnownFileType = file; path = "Arial Unicode.ttf"; sourceTree = "<group>"; };
		1949D5082462A2A600DB776D /* SF-Pro-Rounded-Bold.otf */ = {isa = PBXFileReference; lastKnownFileType = file; path = "SF-Pro-Rounded-Bold.otf"; sourceTree = "<group>"; };
		1949D5092462A2A600DB776D /* SF-Pro-Rounded-Black.otf */ = {isa = PBXFileReference; lastKnownFileType = file; path = "SF-Pro-Rounded-Black.otf"; sourceTree = "<group>"; };
		1949D50A2462A2A600DB776D /* SF-Compact-Rounded-Black.otf */ = {isa = PBXFileReference; lastKnownFileType = file; path = "SF-Compact-Rounded-Black.otf"; sourceTree = "<group>"; };
		1949D50B2462A2A700DB776D /* SF-Mono-Regular.otf */ = {isa = PBXFileReference; lastKnownFileType = file; path = "SF-Mono-Regular.otf"; sourceTree = "<group>"; };
		1949D50C2462A2A700DB776D /* SF-Compact-Text-Bold.otf */ = {isa = PBXFileReference; lastKnownFileType = file; path = "SF-Compact-Text-Bold.otf"; sourceTree = "<group>"; };
		1949D50D2462A2A700DB776D /* SF-Compact-Text-ThinItalic.otf */ = {isa = PBXFileReference; lastKnownFileType = file; path = "SF-Compact-Text-ThinItalic.otf"; sourceTree = "<group>"; };
		1949D50E2462A2A700DB776D /* SF-Compact-Display-Semibold.otf */ = {isa = PBXFileReference; lastKnownFileType = file; path = "SF-Compact-Display-Semibold.otf"; sourceTree = "<group>"; };
		1949D50F2462A2A700DB776D /* SF-Mono-Light.otf */ = {isa = PBXFileReference; lastKnownFileType = file; path = "SF-Mono-Light.otf"; sourceTree = "<group>"; };
		1949D5102462A2A700DB776D /* SF-Pro-Rounded-Regular.otf */ = {isa = PBXFileReference; lastKnownFileType = file; path = "SF-Pro-Rounded-Regular.otf"; sourceTree = "<group>"; };
		1949D5112462A2A700DB776D /* SF-Compact-Rounded-Light.otf */ = {isa = PBXFileReference; lastKnownFileType = file; path = "SF-Compact-Rounded-Light.otf"; sourceTree = "<group>"; };
		1949D5122462A2A800DB776D /* SF-Compact-Text-BoldItalic.otf */ = {isa = PBXFileReference; lastKnownFileType = file; path = "SF-Compact-Text-BoldItalic.otf"; sourceTree = "<group>"; };
		1949D5132462A2A800DB776D /* SF-Mono-SemiboldItalic.otf */ = {isa = PBXFileReference; lastKnownFileType = file; path = "SF-Mono-SemiboldItalic.otf"; sourceTree = "<group>"; };
		1949D5142462A2A800DB776D /* SF-Pro-Display-Semibold.otf */ = {isa = PBXFileReference; lastKnownFileType = file; path = "SF-Pro-Display-Semibold.otf"; sourceTree = "<group>"; };
		1949D5152462A2A800DB776D /* SF-Compact-Display-Thin.otf */ = {isa = PBXFileReference; lastKnownFileType = file; path = "SF-Compact-Display-Thin.otf"; sourceTree = "<group>"; };
		1949D5162462A2A800DB776D /* SF-Compact-Rounded-Medium.otf */ = {isa = PBXFileReference; lastKnownFileType = file; path = "SF-Compact-Rounded-Medium.otf"; sourceTree = "<group>"; };
		1949D5172462A2A800DB776D /* SF-Compact-Rounded-Heavy.otf */ = {isa = PBXFileReference; lastKnownFileType = file; path = "SF-Compact-Rounded-Heavy.otf"; sourceTree = "<group>"; };
		1949D5182462A2A900DB776D /* SF-Compact-Text-Black.otf */ = {isa = PBXFileReference; lastKnownFileType = file; path = "SF-Compact-Text-Black.otf"; sourceTree = "<group>"; };
		1949D5192462A2A900DB776D /* SF-Pro-Display-HeavyItalic.otf */ = {isa = PBXFileReference; lastKnownFileType = file; path = "SF-Pro-Display-HeavyItalic.otf"; sourceTree = "<group>"; };
		1949D51A2462A2A900DB776D /* SF-Pro-Display-RegularItalic.otf */ = {isa = PBXFileReference; lastKnownFileType = file; path = "SF-Pro-Display-RegularItalic.otf"; sourceTree = "<group>"; };
		1949D51B2462A2A900DB776D /* SF-Pro-Text-UltralightItalic.otf */ = {isa = PBXFileReference; lastKnownFileType = file; path = "SF-Pro-Text-UltralightItalic.otf"; sourceTree = "<group>"; };
		1949D51C2462A2A900DB776D /* SF-Compact-Rounded-Thin.otf */ = {isa = PBXFileReference; lastKnownFileType = file; path = "SF-Compact-Rounded-Thin.otf"; sourceTree = "<group>"; };
		1949D51D2462A2A900DB776D /* SF-Compact-Display-Ultralight.otf */ = {isa = PBXFileReference; lastKnownFileType = file; path = "SF-Compact-Display-Ultralight.otf"; sourceTree = "<group>"; };
		1949D51E2462A2A900DB776D /* SF-Compact-Text-HeavyItalic.otf */ = {isa = PBXFileReference; lastKnownFileType = file; path = "SF-Compact-Text-HeavyItalic.otf"; sourceTree = "<group>"; };
		1949D51F2462A2A900DB776D /* SF-Pro-Text-Light.otf */ = {isa = PBXFileReference; lastKnownFileType = file; path = "SF-Pro-Text-Light.otf"; sourceTree = "<group>"; };
		1949D5202462A2AA00DB776D /* SF-Pro-Rounded-Ultralight.otf */ = {isa = PBXFileReference; lastKnownFileType = file; path = "SF-Pro-Rounded-Ultralight.otf"; sourceTree = "<group>"; };
		1949D5212462A2AA00DB776D /* SF-Pro-Rounded-Medium.otf */ = {isa = PBXFileReference; lastKnownFileType = file; path = "SF-Pro-Rounded-Medium.otf"; sourceTree = "<group>"; };
		1949D5222462A2AA00DB776D /* SF-Pro-Text-HeavyItalic.otf */ = {isa = PBXFileReference; lastKnownFileType = file; path = "SF-Pro-Text-HeavyItalic.otf"; sourceTree = "<group>"; };
		1949D5232462A2AA00DB776D /* SF-Pro-Text-LightItalic.otf */ = {isa = PBXFileReference; lastKnownFileType = file; path = "SF-Pro-Text-LightItalic.otf"; sourceTree = "<group>"; };
		1949D5242462A2AA00DB776D /* SF-Pro-Text-RegularItalic.otf */ = {isa = PBXFileReference; lastKnownFileType = file; path = "SF-Pro-Text-RegularItalic.otf"; sourceTree = "<group>"; };
		1949D5252462A2AA00DB776D /* SF-Pro-Text-Medium.otf */ = {isa = PBXFileReference; lastKnownFileType = file; path = "SF-Pro-Text-Medium.otf"; sourceTree = "<group>"; };
		1949D5262462A2AB00DB776D /* SF-Pro-Display-Thin.otf */ = {isa = PBXFileReference; lastKnownFileType = file; path = "SF-Pro-Display-Thin.otf"; sourceTree = "<group>"; };
		1949D5272462A2AB00DB776D /* SF-Compact-Text-MediumItalic.otf */ = {isa = PBXFileReference; lastKnownFileType = file; path = "SF-Compact-Text-MediumItalic.otf"; sourceTree = "<group>"; };
		1949D5282462A2AB00DB776D /* SF-Pro-Display-LightItalic.otf */ = {isa = PBXFileReference; lastKnownFileType = file; path = "SF-Pro-Display-LightItalic.otf"; sourceTree = "<group>"; };
		1949D5292462A2AB00DB776D /* SF-Pro-Display-Regular.otf */ = {isa = PBXFileReference; lastKnownFileType = file; path = "SF-Pro-Display-Regular.otf"; sourceTree = "<group>"; };
		1949D52A2462A2AB00DB776D /* SF-Compact-Text-Thin.otf */ = {isa = PBXFileReference; lastKnownFileType = file; path = "SF-Compact-Text-Thin.otf"; sourceTree = "<group>"; };
		1949D52B2462A2AB00DB776D /* SF-Mono-RegularItalic.otf */ = {isa = PBXFileReference; lastKnownFileType = file; path = "SF-Mono-RegularItalic.otf"; sourceTree = "<group>"; };
		1949D52C2462A2AC00DB776D /* SF-Compact-Rounded-Regular.otf */ = {isa = PBXFileReference; lastKnownFileType = file; path = "SF-Compact-Rounded-Regular.otf"; sourceTree = "<group>"; };
		1949D52D2462A2AC00DB776D /* SF-Compact-Text-Ultralight.otf */ = {isa = PBXFileReference; lastKnownFileType = file; path = "SF-Compact-Text-Ultralight.otf"; sourceTree = "<group>"; };
		1949D52E2462A2AC00DB776D /* SF-Mono-Bold.otf */ = {isa = PBXFileReference; lastKnownFileType = file; path = "SF-Mono-Bold.otf"; sourceTree = "<group>"; };
		1949D52F2462A2AC00DB776D /* SF-Pro-Display-SemiboldItalic.otf */ = {isa = PBXFileReference; lastKnownFileType = file; path = "SF-Pro-Display-SemiboldItalic.otf"; sourceTree = "<group>"; };
		1949D5302462A2AC00DB776D /* SF-Pro-Display-Ultralight.otf */ = {isa = PBXFileReference; lastKnownFileType = file; path = "SF-Pro-Display-Ultralight.otf"; sourceTree = "<group>"; };
		1949D5312462A2AC00DB776D /* SF-Compact-Text-Semibold.otf */ = {isa = PBXFileReference; lastKnownFileType = file; path = "SF-Compact-Text-Semibold.otf"; sourceTree = "<group>"; };
		1949D5322462A2AC00DB776D /* SF-Compact-Text-LightItalic.otf */ = {isa = PBXFileReference; lastKnownFileType = file; path = "SF-Compact-Text-LightItalic.otf"; sourceTree = "<group>"; };
		1949D5332462A2AD00DB776D /* SF-Pro-Text-BlackItalic.otf */ = {isa = PBXFileReference; lastKnownFileType = file; path = "SF-Pro-Text-BlackItalic.otf"; sourceTree = "<group>"; };
		1949D5342462A2AD00DB776D /* SF-Pro-Text-Semibold.otf */ = {isa = PBXFileReference; lastKnownFileType = file; path = "SF-Pro-Text-Semibold.otf"; sourceTree = "<group>"; };
		1949D5352462A2AD00DB776D /* SF-Mono-HeavyItalic.otf */ = {isa = PBXFileReference; lastKnownFileType = file; path = "SF-Mono-HeavyItalic.otf"; sourceTree = "<group>"; };
		1949D5362462A2AD00DB776D /* SF-Pro-Rounded-Thin.otf */ = {isa = PBXFileReference; lastKnownFileType = file; path = "SF-Pro-Rounded-Thin.otf"; sourceTree = "<group>"; };
		1949D5372462A2AD00DB776D /* SF-Compact-Text-Light.otf */ = {isa = PBXFileReference; lastKnownFileType = file; path = "SF-Compact-Text-Light.otf"; sourceTree = "<group>"; };
		1949D5382462A2AD00DB776D /* SF-Mono-Heavy.otf */ = {isa = PBXFileReference; lastKnownFileType = file; path = "SF-Mono-Heavy.otf"; sourceTree = "<group>"; };
		1949D5392462A2AE00DB776D /* SF-Pro-Display-Black.otf */ = {isa = PBXFileReference; lastKnownFileType = file; path = "SF-Pro-Display-Black.otf"; sourceTree = "<group>"; };
		1949D53A2462A2AE00DB776D /* SF-Pro-Display-Heavy.otf */ = {isa = PBXFileReference; lastKnownFileType = file; path = "SF-Pro-Display-Heavy.otf"; sourceTree = "<group>"; };
		1949D53B2462A2AE00DB776D /* SF-Pro-Rounded-Light.otf */ = {isa = PBXFileReference; lastKnownFileType = file; path = "SF-Pro-Rounded-Light.otf"; sourceTree = "<group>"; };
		1949D53C2462A2AE00DB776D /* SF-Pro-Text-Black.otf */ = {isa = PBXFileReference; lastKnownFileType = file; path = "SF-Pro-Text-Black.otf"; sourceTree = "<group>"; };
		1949D53D2462A2AF00DB776D /* SF-Compact-Display-Medium.otf */ = {isa = PBXFileReference; lastKnownFileType = file; path = "SF-Compact-Display-Medium.otf"; sourceTree = "<group>"; };
		1949D59C2462D27D00DB776D /* FeedViewController.swift */ = {isa = PBXFileReference; lastKnownFileType = sourcecode.swift; path = FeedViewController.swift; sourceTree = "<group>"; };
		1949D59E2462D29000DB776D /* FeedViewController.storyboard */ = {isa = PBXFileReference; lastKnownFileType = file.storyboard; path = FeedViewController.storyboard; sourceTree = "<group>"; };
		1964566E24640A1E00C98E5B /* NetworkDataFetcher.swift */ = {isa = PBXFileReference; lastKnownFileType = sourcecode.swift; path = NetworkDataFetcher.swift; sourceTree = "<group>"; };
		19645671246465A100C98E5B /* VKNewsFeedPresenter.swift */ = {isa = PBXFileReference; lastKnownFileType = sourcecode.swift; path = VKNewsFeedPresenter.swift; sourceTree = "<group>"; };
		19645672246465A100C98E5B /* VKNewsFeedWorker.swift */ = {isa = PBXFileReference; lastKnownFileType = sourcecode.swift; path = VKNewsFeedWorker.swift; sourceTree = "<group>"; };
		19645673246465A100C98E5B /* VKNewsFeedRouter.swift */ = {isa = PBXFileReference; lastKnownFileType = sourcecode.swift; path = VKNewsFeedRouter.swift; sourceTree = "<group>"; };
		19645674246465A100C98E5B /* VKNewsFeedModels.swift */ = {isa = PBXFileReference; lastKnownFileType = sourcecode.swift; path = VKNewsFeedModels.swift; sourceTree = "<group>"; };
		19645675246465A100C98E5B /* VKNewsFeedViewController.swift */ = {isa = PBXFileReference; lastKnownFileType = sourcecode.swift; path = VKNewsFeedViewController.swift; sourceTree = "<group>"; };
		19645676246465A100C98E5B /* VKNewsFeedInteractor.swift */ = {isa = PBXFileReference; lastKnownFileType = sourcecode.swift; path = VKNewsFeedInteractor.swift; sourceTree = "<group>"; };
		1964567F24655A6200C98E5B /* VKNewsFeedViewController.storyboard */ = {isa = PBXFileReference; lastKnownFileType = file.storyboard; path = VKNewsFeedViewController.storyboard; sourceTree = "<group>"; };
		19708F2D2463DBFD00861C1F /* VKFeedResponse.swift */ = {isa = PBXFileReference; lastKnownFileType = sourcecode.swift; path = VKFeedResponse.swift; sourceTree = "<group>"; };
		197A0A8E2462961E00B01EF0 /* VKSdkFramework.framework */ = {isa = PBXFileReference; lastKnownFileType = wrapper.framework; name = VKSdkFramework.framework; path = Carthage/Build/iOS/VKSdkFramework.framework; sourceTree = "<group>"; };
		199EAE0F246563DC00E0EEAC /* VKNewsFeedCell.swift */ = {isa = PBXFileReference; lastKnownFileType = sourcecode.swift; path = VKNewsFeedCell.swift; sourceTree = "<group>"; };
		199EAE10246563DC00E0EEAC /* VKNewsFeedCell.xib */ = {isa = PBXFileReference; lastKnownFileType = file.xib; path = VKNewsFeedCell.xib; sourceTree = "<group>"; };
		199EAE142465E14000E0EEAC /* WebImageView.swift */ = {isa = PBXFileReference; lastKnownFileType = sourcecode.swift; path = WebImageView.swift; sourceTree = "<group>"; };
		199EAE162466C9C800E0EEAC /* NewsFeedCellLayoutCalculator.swift */ = {isa = PBXFileReference; lastKnownFileType = sourcecode.swift; path = NewsFeedCellLayoutCalculator.swift; sourceTree = "<group>"; };
		19B7D1E1245A9A9A00824A24 /* SmartNewsFeed.app */ = {isa = PBXFileReference; explicitFileType = wrapper.application; includeInIndex = 0; path = SmartNewsFeed.app; sourceTree = BUILT_PRODUCTS_DIR; };
		19B7D1E4245A9A9A00824A24 /* AppDelegate.swift */ = {isa = PBXFileReference; lastKnownFileType = sourcecode.swift; path = AppDelegate.swift; sourceTree = "<group>"; };
		19B7D1E6245A9A9A00824A24 /* SceneDelegate.swift */ = {isa = PBXFileReference; lastKnownFileType = sourcecode.swift; path = SceneDelegate.swift; sourceTree = "<group>"; };
		19B7D1E8245A9A9A00824A24 /* AuthViewController.swift */ = {isa = PBXFileReference; lastKnownFileType = sourcecode.swift; path = AuthViewController.swift; sourceTree = "<group>"; };
		19B7D1ED245A9A9F00824A24 /* Assets.xcassets */ = {isa = PBXFileReference; lastKnownFileType = folder.assetcatalog; path = Assets.xcassets; sourceTree = "<group>"; };
		19B7D1F0245A9A9F00824A24 /* Base */ = {isa = PBXFileReference; lastKnownFileType = file.storyboard; name = Base; path = Base.lproj/LaunchScreen.storyboard; sourceTree = "<group>"; };
		19B7D1F2245A9A9F00824A24 /* Info.plist */ = {isa = PBXFileReference; lastKnownFileType = text.plist.xml; path = Info.plist; sourceTree = "<group>"; };
		19DB6F5624674780005D0806 /* VKNewsFeedCodeCell.swift */ = {isa = PBXFileReference; lastKnownFileType = sourcecode.swift; path = VKNewsFeedCodeCell.swift; sourceTree = "<group>"; };
		19DB6F5824675693005D0806 /* Constreints.swift */ = {isa = PBXFileReference; lastKnownFileType = sourcecode.swift; path = Constreints.swift; sourceTree = "<group>"; };
/* End PBXFileReference section */

/* Begin PBXFrameworksBuildPhase section */
		19B7D1DE245A9A9A00824A24 /* Frameworks */ = {
			isa = PBXFrameworksBuildPhase;
			buildActionMask = 2147483647;
			files = (
				197A0A8F2462961E00B01EF0 /* VKSdkFramework.framework in Frameworks */,
			);
			runOnlyForDeploymentPostprocessing = 0;
		};
/* End PBXFrameworksBuildPhase section */

/* Begin PBXGroup section */
		1949D4DC24629E5100DB776D /* Services */ = {
			isa = PBXGroup;
			children = (
				1949D4DD24629E8800DB776D /* AuthService.swift */,
				1933A53D2463008A0099DC6C /* NetworkService.swift */,
				1933A53F2463063B0099DC6C /* VKAPI.swift */,
				1964566E24640A1E00C98E5B /* NetworkDataFetcher.swift */,
			);
			path = Services;
			sourceTree = "<group>";
		};
		1949D4DF2462A28D00DB776D /* Fonts */ = {
			isa = PBXGroup;
			children = (
				1949D5072462A2A600DB776D /* Arial Unicode.ttf */,
				1949D5002462A2A400DB776D /* SF-Compact-Display-Black.otf */,
				1949D4F72462A2A300DB776D /* SF-Compact-Display-Bold.otf */,
				1949D5022462A2A500DB776D /* SF-Compact-Display-Heavy.otf */,
				1949D4E42462A2A000DB776D /* SF-Compact-Display-Light.otf */,
				1949D53D2462A2AF00DB776D /* SF-Compact-Display-Medium.otf */,
				1949D4F12462A2A200DB776D /* SF-Compact-Display-Regular.otf */,
				1949D50E2462A2A700DB776D /* SF-Compact-Display-Semibold.otf */,
				1949D5152462A2A800DB776D /* SF-Compact-Display-Thin.otf */,
				1949D51D2462A2A900DB776D /* SF-Compact-Display-Ultralight.otf */,
				1949D50A2462A2A600DB776D /* SF-Compact-Rounded-Black.otf */,
				1949D4E12462A2A000DB776D /* SF-Compact-Rounded-Bold.otf */,
				1949D5172462A2A800DB776D /* SF-Compact-Rounded-Heavy.otf */,
				1949D5112462A2A700DB776D /* SF-Compact-Rounded-Light.otf */,
				1949D5162462A2A800DB776D /* SF-Compact-Rounded-Medium.otf */,
				1949D52C2462A2AC00DB776D /* SF-Compact-Rounded-Regular.otf */,
				1949D5052462A2A500DB776D /* SF-Compact-Rounded-Semibold.otf */,
				1949D51C2462A2A900DB776D /* SF-Compact-Rounded-Thin.otf */,
				1949D4FA2462A2A300DB776D /* SF-Compact-Rounded-Ultralight.otf */,
				1949D5182462A2A900DB776D /* SF-Compact-Text-Black.otf */,
				1949D4E02462A2A000DB776D /* SF-Compact-Text-BlackItalic.otf */,
				1949D50C2462A2A700DB776D /* SF-Compact-Text-Bold.otf */,
				1949D5122462A2A800DB776D /* SF-Compact-Text-BoldItalic.otf */,
				1949D4F22462A2A200DB776D /* SF-Compact-Text-Heavy.otf */,
				1949D51E2462A2A900DB776D /* SF-Compact-Text-HeavyItalic.otf */,
				1949D5372462A2AD00DB776D /* SF-Compact-Text-Light.otf */,
				1949D5322462A2AC00DB776D /* SF-Compact-Text-LightItalic.otf */,
				1949D4F92462A2A300DB776D /* SF-Compact-Text-Medium.otf */,
				1949D5272462A2AB00DB776D /* SF-Compact-Text-MediumItalic.otf */,
				1949D4FE2462A2A400DB776D /* SF-Compact-Text-Regular.otf */,
				1949D4F42462A2A200DB776D /* SF-Compact-Text-RegularItalic.otf */,
				1949D5312462A2AC00DB776D /* SF-Compact-Text-Semibold.otf */,
				1949D4ED2462A2A100DB776D /* SF-Compact-Text-SemiboldItalic.otf */,
				1949D52A2462A2AB00DB776D /* SF-Compact-Text-Thin.otf */,
				1949D50D2462A2A700DB776D /* SF-Compact-Text-ThinItalic.otf */,
				1949D52D2462A2AC00DB776D /* SF-Compact-Text-Ultralight.otf */,
				1949D4FF2462A2A400DB776D /* SF-Compact-Text-UltralightItalic.otf */,
				1949D52E2462A2AC00DB776D /* SF-Mono-Bold.otf */,
				1949D5042462A2A500DB776D /* SF-Mono-BoldItalic.otf */,
				1949D5382462A2AD00DB776D /* SF-Mono-Heavy.otf */,
				1949D5352462A2AD00DB776D /* SF-Mono-HeavyItalic.otf */,
				1949D50F2462A2A700DB776D /* SF-Mono-Light.otf */,
				1949D4EB2462A2A100DB776D /* SF-Mono-LightItalic.otf */,
				1949D4E92462A2A100DB776D /* SF-Mono-Medium.otf */,
				1949D4E72462A2A100DB776D /* SF-Mono-MediumItalic.otf */,
				1949D50B2462A2A700DB776D /* SF-Mono-Regular.otf */,
				1949D52B2462A2AB00DB776D /* SF-Mono-RegularItalic.otf */,
				1949D4E82462A2A100DB776D /* SF-Mono-Semibold.otf */,
				1949D5132462A2A800DB776D /* SF-Mono-SemiboldItalic.otf */,
				1949D5392462A2AE00DB776D /* SF-Pro-Display-Black.otf */,
				1949D4E22462A2A000DB776D /* SF-Pro-Display-BlackItalic.otf */,
				1949D4E62462A2A100DB776D /* SF-Pro-Display-Bold.otf */,
				1949D4F62462A2A300DB776D /* SF-Pro-Display-BoldItalic.otf */,
				1949D53A2462A2AE00DB776D /* SF-Pro-Display-Heavy.otf */,
				1949D5192462A2A900DB776D /* SF-Pro-Display-HeavyItalic.otf */,
				1949D4FD2462A2A400DB776D /* SF-Pro-Display-Light.otf */,
				1949D5282462A2AB00DB776D /* SF-Pro-Display-LightItalic.otf */,
				1949D4EA2462A2A100DB776D /* SF-Pro-Display-Medium.otf */,
				1949D5012462A2A400DB776D /* SF-Pro-Display-MediumItalic.otf */,
				1949D5292462A2AB00DB776D /* SF-Pro-Display-Regular.otf */,
				1949D51A2462A2A900DB776D /* SF-Pro-Display-RegularItalic.otf */,
				1949D5142462A2A800DB776D /* SF-Pro-Display-Semibold.otf */,
				1949D52F2462A2AC00DB776D /* SF-Pro-Display-SemiboldItalic.otf */,
				1949D5262462A2AB00DB776D /* SF-Pro-Display-Thin.otf */,
				1949D4F82462A2A300DB776D /* SF-Pro-Display-ThinItalic.otf */,
				1949D5302462A2AC00DB776D /* SF-Pro-Display-Ultralight.otf */,
				1949D4F32462A2A200DB776D /* SF-Pro-Display-UltralightItalic.otf */,
				1949D5092462A2A600DB776D /* SF-Pro-Rounded-Black.otf */,
				1949D5082462A2A600DB776D /* SF-Pro-Rounded-Bold.otf */,
				1949D4E32462A2A000DB776D /* SF-Pro-Rounded-Heavy.otf */,
				1949D53B2462A2AE00DB776D /* SF-Pro-Rounded-Light.otf */,
				1949D5212462A2AA00DB776D /* SF-Pro-Rounded-Medium.otf */,
				1949D5102462A2A700DB776D /* SF-Pro-Rounded-Regular.otf */,
				1949D5032462A2A500DB776D /* SF-Pro-Rounded-Semibold.otf */,
				1949D5362462A2AD00DB776D /* SF-Pro-Rounded-Thin.otf */,
				1949D5202462A2AA00DB776D /* SF-Pro-Rounded-Ultralight.otf */,
				1949D53C2462A2AE00DB776D /* SF-Pro-Text-Black.otf */,
				1949D5332462A2AD00DB776D /* SF-Pro-Text-BlackItalic.otf */,
				1949D4EC2462A2A100DB776D /* SF-Pro-Text-Bold.otf */,
				1949D4EE2462A2A200DB776D /* SF-Pro-Text-BoldItalic.otf */,
				1949D4FB2462A2A400DB776D /* SF-Pro-Text-Heavy.otf */,
				1949D5222462A2AA00DB776D /* SF-Pro-Text-HeavyItalic.otf */,
				1949D51F2462A2A900DB776D /* SF-Pro-Text-Light.otf */,
				1949D5232462A2AA00DB776D /* SF-Pro-Text-LightItalic.otf */,
				1949D5252462A2AA00DB776D /* SF-Pro-Text-Medium.otf */,
				1949D4E52462A2A000DB776D /* SF-Pro-Text-MediumItalic.otf */,
				1949D4EF2462A2A200DB776D /* SF-Pro-Text-Regular.otf */,
				1949D5242462A2AA00DB776D /* SF-Pro-Text-RegularItalic.otf */,
				1949D5342462A2AD00DB776D /* SF-Pro-Text-Semibold.otf */,
				1949D4FC2462A2A400DB776D /* SF-Pro-Text-SemiboldItalic.otf */,
				1949D4F02462A2A200DB776D /* SF-Pro-Text-Thin.otf */,
				1949D5062462A2A600DB776D /* SF-Pro-Text-ThinItalic.otf */,
				1949D4F52462A2A300DB776D /* SF-Pro-Text-Ultralight.otf */,
				1949D51B2462A2A900DB776D /* SF-Pro-Text-UltralightItalic.otf */,
			);
			path = Fonts;
			sourceTree = "<group>";
		};
		1949D5A02462D33500DB776D /* FeedViewController */ = {
			isa = PBXGroup;
			children = (
				1949D59C2462D27D00DB776D /* FeedViewController.swift */,
				1949D59E2462D29000DB776D /* FeedViewController.storyboard */,
			);
			path = FeedViewController;
			sourceTree = "<group>";
		};
		1949D5A12462D3A600DB776D /* AuthViewController */ = {
			isa = PBXGroup;
			children = (
				19B7D1E8245A9A9A00824A24 /* AuthViewController.swift */,
				1949D4DA246296FE00DB776D /* AuthViewController.storyboard */,
			);
			path = AuthViewController;
			sourceTree = "<group>";
		};
		196456702464655F00C98E5B /* NewsFeed */ = {
			isa = PBXGroup;
			children = (
				19708F2F2463DC0A00861C1F /* Models */,
				1980BABC246EE69600FB0D53 /* Galery group */,
				199EAE0E2465639900E0EEAC /* NewsFeedCell */,
				1964567F24655A6200C98E5B /* VKNewsFeedViewController.storyboard */,
				19645675246465A100C98E5B /* VKNewsFeedViewController.swift */,
				19645676246465A100C98E5B /* VKNewsFeedInteractor.swift */,
				19645671246465A100C98E5B /* VKNewsFeedPresenter.swift */,
				19645672246465A100C98E5B /* VKNewsFeedWorker.swift */,
				19645673246465A100C98E5B /* VKNewsFeedRouter.swift */,
				19645674246465A100C98E5B /* VKNewsFeedModels.swift */,
			);
			path = NewsFeed;
			sourceTree = "<group>";
		};
		19708F2F2463DC0A00861C1F /* Models */ = {
			isa = PBXGroup;
			children = (
				19708F2D2463DBFD00861C1F /* VKFeedResponse.swift */,
			);
			path = Models;
			sourceTree = "<group>";
		};
		19708F302463DC4000861C1F /* SupportingFiles */ = {
			isa = PBXGroup;
			children = (
				19B7D1ED245A9A9F00824A24 /* Assets.xcassets */,
				19B7D1EF245A9A9F00824A24 /* LaunchScreen.storyboard */,
				19B7D1F2245A9A9F00824A24 /* Info.plist */,
			);
			path = SupportingFiles;
			sourceTree = "<group>";
		};
		1980BABC246EE69600FB0D53 /* Galery group */ = {
			isa = PBXGroup;
			children = (
				193931E12475C0EA0010C5A9 /* GalleryCollectionViewCell.swift */,
				193931E32475C1040010C5A9 /* ItemLayout.swift */,
				193931DF2475C07F0010C5A9 /* GalleryCollectionView.swift */,
			);
			path = "Galery group";
			sourceTree = "<group>";
		};
		199EAE0E2465639900E0EEAC /* NewsFeedCell */ = {
			isa = PBXGroup;
			children = (
				199EAE10246563DC00E0EEAC /* VKNewsFeedCell.xib */,
				199EAE0F246563DC00E0EEAC /* VKNewsFeedCell.swift */,
				19DB6F5624674780005D0806 /* VKNewsFeedCodeCell.swift */,
				199EAE162466C9C800E0EEAC /* NewsFeedCellLayoutCalculator.swift */,
			);
			path = NewsFeedCell;
			sourceTree = "<group>";
		};
		199EAE132465E11A00E0EEAC /* Helpers */ = {
			isa = PBXGroup;
			children = (
				199EAE142465E14000E0EEAC /* WebImageView.swift */,
				191933462466E29700450C8F /* String + Height.swift */,
				19DB6F5824675693005D0806 /* Constreints.swift */,
			);
			path = Helpers;
			sourceTree = "<group>";
		};
		19B7D1D8245A9A9A00824A24 = {
			isa = PBXGroup;
			children = (
				19B7D1E3245A9A9A00824A24 /* Smart news feed */,
				19B7D1E2245A9A9A00824A24 /* Products */,
				19D9C739245AB834009B42B4 /* Frameworks */,
			);
			sourceTree = "<group>";
		};
		19B7D1E2245A9A9A00824A24 /* Products */ = {
			isa = PBXGroup;
			children = (
				19B7D1E1245A9A9A00824A24 /* SmartNewsFeed.app */,
			);
			name = Products;
			sourceTree = "<group>";
		};
		19B7D1E3245A9A9A00824A24 /* Smart news feed */ = {
			isa = PBXGroup;
			children = (
				19B7D1E4245A9A9A00824A24 /* AppDelegate.swift */,
				19B7D1E6245A9A9A00824A24 /* SceneDelegate.swift */,
				196456702464655F00C98E5B /* NewsFeed */,
				1949D5A12462D3A600DB776D /* AuthViewController */,
				1949D5A02462D33500DB776D /* FeedViewController */,
				1949D4DC24629E5100DB776D /* Services */,
				199EAE132465E11A00E0EEAC /* Helpers */,
				1949D4DF2462A28D00DB776D /* Fonts */,
				19708F302463DC4000861C1F /* SupportingFiles */,
			);
			path = "Smart news feed";
			sourceTree = "<group>";
		};
		19D9C739245AB834009B42B4 /* Frameworks */ = {
			isa = PBXGroup;
			children = (
				197A0A8E2462961E00B01EF0 /* VKSdkFramework.framework */,
			);
			name = Frameworks;
			sourceTree = "<group>";
		};
/* End PBXGroup section */

/* Begin PBXNativeTarget section */
		19B7D1E0245A9A9A00824A24 /* Smart news feed */ = {
			isa = PBXNativeTarget;
			buildConfigurationList = 19B7D1F5245A9A9F00824A24 /* Build configuration list for PBXNativeTarget "Smart news feed" */;
			buildPhases = (
				19B7D1DD245A9A9A00824A24 /* Sources */,
				19B7D1DE245A9A9A00824A24 /* Frameworks */,
				19B7D1DF245A9A9A00824A24 /* Resources */,
				19D9C743245ABA6D009B42B4 /* Embed Libraries */,
				19176280245AED270078575E /* Carthage */,
			);
			buildRules = (
			);
			dependencies = (
			);
			name = "Smart news feed";
			productName = "Smart news feed";
			productReference = 19B7D1E1245A9A9A00824A24 /* SmartNewsFeed.app */;
			productType = "com.apple.product-type.application";
		};
/* End PBXNativeTarget section */

/* Begin PBXProject section */
		19B7D1D9245A9A9A00824A24 /* Project object */ = {
			isa = PBXProject;
			attributes = {
				LastSwiftUpdateCheck = 1140;
				LastUpgradeCheck = 1140;
				ORGANIZATIONNAME = DamirLutfullin;
				TargetAttributes = {
					19B7D1E0245A9A9A00824A24 = {
						CreatedOnToolsVersion = 11.4.1;
					};
				};
			};
			buildConfigurationList = 19B7D1DC245A9A9A00824A24 /* Build configuration list for PBXProject "Smart news feed" */;
			compatibilityVersion = "Xcode 9.3";
			developmentRegion = en;
			hasScannedForEncodings = 0;
			knownRegions = (
				en,
				Base,
			);
			mainGroup = 19B7D1D8245A9A9A00824A24;
			productRefGroup = 19B7D1E2245A9A9A00824A24 /* Products */;
			projectDirPath = "";
			projectRoot = "";
			targets = (
				19B7D1E0245A9A9A00824A24 /* Smart news feed */,
			);
		};
/* End PBXProject section */

/* Begin PBXResourcesBuildPhase section */
		19B7D1DF245A9A9A00824A24 /* Resources */ = {
			isa = PBXResourcesBuildPhase;
			buildActionMask = 2147483647;
			files = (
				1949D5812462A2AF00DB776D /* SF-Pro-Text-LightItalic.otf in Resources */,
				1949D5992462A2AF00DB776D /* SF-Pro-Rounded-Light.otf in Resources */,
				1949D55C2462A2AF00DB776D /* SF-Compact-Text-Regular.otf in Resources */,
				1949D5772462A2AF00DB776D /* SF-Pro-Display-HeavyItalic.otf in Resources */,
				1949D5782462A2AF00DB776D /* SF-Pro-Display-RegularItalic.otf in Resources */,
				1949D5762462A2AF00DB776D /* SF-Compact-Text-Black.otf in Resources */,
				1949D56F2462A2AF00DB776D /* SF-Compact-Rounded-Light.otf in Resources */,
				1949D57B2462A2AF00DB776D /* SF-Compact-Display-Ultralight.otf in Resources */,
				1949D56E2462A2AF00DB776D /* SF-Pro-Rounded-Regular.otf in Resources */,
				1949D5742462A2AF00DB776D /* SF-Compact-Rounded-Medium.otf in Resources */,
				1949D5832462A2AF00DB776D /* SF-Pro-Text-Medium.otf in Resources */,
				1949D5422462A2AF00DB776D /* SF-Compact-Display-Light.otf in Resources */,
				1949D5632462A2AF00DB776D /* SF-Compact-Rounded-Semibold.otf in Resources */,
				1949D5872462A2AF00DB776D /* SF-Pro-Display-Regular.otf in Resources */,
				19B7D1F1245A9A9F00824A24 /* LaunchScreen.storyboard in Resources */,
				1949D5952462A2AF00DB776D /* SF-Compact-Text-Light.otf in Resources */,
				1949D54A2462A2AF00DB776D /* SF-Pro-Text-Bold.otf in Resources */,
				1949D58F2462A2AF00DB776D /* SF-Compact-Text-Semibold.otf in Resources */,
				1949D5402462A2AF00DB776D /* SF-Pro-Display-BlackItalic.otf in Resources */,
				1949D5682462A2AF00DB776D /* SF-Compact-Rounded-Black.otf in Resources */,
				1949D53F2462A2AF00DB776D /* SF-Compact-Rounded-Bold.otf in Resources */,
				1949D59B2462A2AF00DB776D /* SF-Compact-Display-Medium.otf in Resources */,
				1949D56B2462A2AF00DB776D /* SF-Compact-Text-ThinItalic.otf in Resources */,
				1949D53E2462A2AF00DB776D /* SF-Compact-Text-BlackItalic.otf in Resources */,
				1949D58B2462A2AF00DB776D /* SF-Compact-Text-Ultralight.otf in Resources */,
				1949D5472462A2AF00DB776D /* SF-Mono-Medium.otf in Resources */,
				1949D55B2462A2AF00DB776D /* SF-Pro-Display-Light.otf in Resources */,
				1949D54D2462A2AF00DB776D /* SF-Pro-Text-Regular.otf in Resources */,
				1949D56A2462A2AF00DB776D /* SF-Compact-Text-Bold.otf in Resources */,
				1949D56C2462A2AF00DB776D /* SF-Compact-Display-Semibold.otf in Resources */,
				1949D5792462A2AF00DB776D /* SF-Pro-Text-UltralightItalic.otf in Resources */,
				1949D5902462A2AF00DB776D /* SF-Compact-Text-LightItalic.otf in Resources */,
				1949D59A2462A2AF00DB776D /* SF-Pro-Text-Black.otf in Resources */,
				1949D5572462A2AF00DB776D /* SF-Compact-Text-Medium.otf in Resources */,
				1949D5852462A2AF00DB776D /* SF-Compact-Text-MediumItalic.otf in Resources */,
				1949D5482462A2AF00DB776D /* SF-Pro-Display-Medium.otf in Resources */,
				1949D5452462A2AF00DB776D /* SF-Mono-MediumItalic.otf in Resources */,
				1949D5942462A2AF00DB776D /* SF-Pro-Rounded-Thin.otf in Resources */,
				1949D5652462A2AF00DB776D /* Arial Unicode.ttf in Resources */,
				1949D58A2462A2AF00DB776D /* SF-Compact-Rounded-Regular.otf in Resources */,
				1949D4DB246296FE00DB776D /* AuthViewController.storyboard in Resources */,
				199EAE12246563DC00E0EEAC /* VKNewsFeedCell.xib in Resources */,
				1949D58C2462A2AF00DB776D /* SF-Mono-Bold.otf in Resources */,
				1949D5512462A2AF00DB776D /* SF-Pro-Display-UltralightItalic.otf in Resources */,
				1949D57D2462A2AF00DB776D /* SF-Pro-Text-Light.otf in Resources */,
				1949D5962462A2AF00DB776D /* SF-Mono-Heavy.otf in Resources */,
				1949D5672462A2AF00DB776D /* SF-Pro-Rounded-Black.otf in Resources */,
				1949D57A2462A2AF00DB776D /* SF-Compact-Rounded-Thin.otf in Resources */,
				1949D5722462A2AF00DB776D /* SF-Pro-Display-Semibold.otf in Resources */,
				1949D5822462A2AF00DB776D /* SF-Pro-Text-RegularItalic.otf in Resources */,
				1949D5662462A2AF00DB776D /* SF-Pro-Rounded-Bold.otf in Resources */,
				1949D5982462A2AF00DB776D /* SF-Pro-Display-Heavy.otf in Resources */,
				1949D58D2462A2AF00DB776D /* SF-Pro-Display-SemiboldItalic.otf in Resources */,
				1949D5912462A2AF00DB776D /* SF-Pro-Text-BlackItalic.otf in Resources */,
				1949D5862462A2AF00DB776D /* SF-Pro-Display-LightItalic.otf in Resources */,
				1949D5522462A2AF00DB776D /* SF-Compact-Text-RegularItalic.otf in Resources */,
				1949D5622462A2AF00DB776D /* SF-Mono-BoldItalic.otf in Resources */,
				1949D5582462A2AF00DB776D /* SF-Compact-Rounded-Ultralight.otf in Resources */,
				1949D5602462A2AF00DB776D /* SF-Compact-Display-Heavy.otf in Resources */,
				1949D5442462A2AF00DB776D /* SF-Pro-Display-Bold.otf in Resources */,
				1949D5922462A2AF00DB776D /* SF-Pro-Text-Semibold.otf in Resources */,
				1949D5892462A2AF00DB776D /* SF-Mono-RegularItalic.otf in Resources */,
				1964568024655A6200C98E5B /* VKNewsFeedViewController.storyboard in Resources */,
				1949D55A2462A2AF00DB776D /* SF-Pro-Text-SemiboldItalic.otf in Resources */,
				1949D58E2462A2AF00DB776D /* SF-Pro-Display-Ultralight.otf in Resources */,
				1949D55D2462A2AF00DB776D /* SF-Compact-Text-UltralightItalic.otf in Resources */,
				1949D5712462A2AF00DB776D /* SF-Mono-SemiboldItalic.otf in Resources */,
				1949D57E2462A2AF00DB776D /* SF-Pro-Rounded-Ultralight.otf in Resources */,
				1949D5972462A2AF00DB776D /* SF-Pro-Display-Black.otf in Resources */,
				1949D5842462A2AF00DB776D /* SF-Pro-Display-Thin.otf in Resources */,
				1949D5532462A2AF00DB776D /* SF-Pro-Text-Ultralight.otf in Resources */,
				1949D5492462A2AF00DB776D /* SF-Mono-LightItalic.otf in Resources */,
				1949D54B2462A2AF00DB776D /* SF-Compact-Text-SemiboldItalic.otf in Resources */,
				1949D5932462A2AF00DB776D /* SF-Mono-HeavyItalic.otf in Resources */,
				1949D5692462A2AF00DB776D /* SF-Mono-Regular.otf in Resources */,
				1949D5432462A2AF00DB776D /* SF-Pro-Text-MediumItalic.otf in Resources */,
				1949D5552462A2AF00DB776D /* SF-Compact-Display-Bold.otf in Resources */,
				1949D5882462A2AF00DB776D /* SF-Compact-Text-Thin.otf in Resources */,
				1949D5642462A2AF00DB776D /* SF-Pro-Text-ThinItalic.otf in Resources */,
				1949D55E2462A2AF00DB776D /* SF-Compact-Display-Black.otf in Resources */,
				1949D5412462A2AF00DB776D /* SF-Pro-Rounded-Heavy.otf in Resources */,
				1949D55F2462A2AF00DB776D /* SF-Pro-Display-MediumItalic.otf in Resources */,
				1949D5802462A2AF00DB776D /* SF-Pro-Text-HeavyItalic.otf in Resources */,
				1949D5592462A2AF00DB776D /* SF-Pro-Text-Heavy.otf in Resources */,
				1949D54E2462A2AF00DB776D /* SF-Pro-Text-Thin.otf in Resources */,
				1949D56D2462A2AF00DB776D /* SF-Mono-Light.otf in Resources */,
				1949D5542462A2AF00DB776D /* SF-Pro-Display-BoldItalic.otf in Resources */,
				1949D59F2462D29000DB776D /* FeedViewController.storyboard in Resources */,
				1949D5462462A2AF00DB776D /* SF-Mono-Semibold.otf in Resources */,
				1949D54C2462A2AF00DB776D /* SF-Pro-Text-BoldItalic.otf in Resources */,
				1949D5612462A2AF00DB776D /* SF-Pro-Rounded-Semibold.otf in Resources */,
				1949D5562462A2AF00DB776D /* SF-Pro-Display-ThinItalic.otf in Resources */,
				1949D5702462A2AF00DB776D /* SF-Compact-Text-BoldItalic.otf in Resources */,
				1949D5752462A2AF00DB776D /* SF-Compact-Rounded-Heavy.otf in Resources */,
				1949D5502462A2AF00DB776D /* SF-Compact-Text-Heavy.otf in Resources */,
				19B7D1EE245A9A9F00824A24 /* Assets.xcassets in Resources */,
				1949D54F2462A2AF00DB776D /* SF-Compact-Display-Regular.otf in Resources */,
				1949D57F2462A2AF00DB776D /* SF-Pro-Rounded-Medium.otf in Resources */,
				1949D5732462A2AF00DB776D /* SF-Compact-Display-Thin.otf in Resources */,
				1949D57C2462A2AF00DB776D /* SF-Compact-Text-HeavyItalic.otf in Resources */,
			);
			runOnlyForDeploymentPostprocessing = 0;
		};
/* End PBXResourcesBuildPhase section */

/* Begin PBXShellScriptBuildPhase section */
		19176280245AED270078575E /* Carthage */ = {
			isa = PBXShellScriptBuildPhase;
			buildActionMask = 8;
			files = (
			);
			inputFileListPaths = (
			);
			inputPaths = (
				"$(SRCROOT)/Carthage/Build/iOS/VKSdkFramework.framework",
			);
			name = Carthage;
			outputFileListPaths = (
			);
			outputPaths = (
			);
			runOnlyForDeploymentPostprocessing = 1;
			shellPath = /bin/sh;
			shellScript = "/ usr / local / bin / carthage copy-frameworks\n";
		};
/* End PBXShellScriptBuildPhase section */

/* Begin PBXSourcesBuildPhase section */
		19B7D1DD245A9A9A00824A24 /* Sources */ = {
			isa = PBXSourcesBuildPhase;
			buildActionMask = 2147483647;
			files = (
				193931E42475C1040010C5A9 /* ItemLayout.swift in Sources */,
				19DB6F5924675693005D0806 /* Constreints.swift in Sources */,
				19645678246465A100C98E5B /* VKNewsFeedPresenter.swift in Sources */,
				199EAE152465E14000E0EEAC /* WebImageView.swift in Sources */,
				199EAE11246563DC00E0EEAC /* VKNewsFeedCell.swift in Sources */,
				193931E22475C0EA0010C5A9 /* GalleryCollectionViewCell.swift in Sources */,
				1933A53E2463008A0099DC6C /* NetworkService.swift in Sources */,
				199EAE172466C9C800E0EEAC /* NewsFeedCellLayoutCalculator.swift in Sources */,
				19B7D1E9245A9A9A00824A24 /* AuthViewController.swift in Sources */,
				1964567D246465A100C98E5B /* VKNewsFeedInteractor.swift in Sources */,
				19B7D1E5245A9A9A00824A24 /* AppDelegate.swift in Sources */,
				19DB6F5724674780005D0806 /* VKNewsFeedCodeCell.swift in Sources */,
				1964567A246465A100C98E5B /* VKNewsFeedRouter.swift in Sources */,
				19645679246465A100C98E5B /* VKNewsFeedWorker.swift in Sources */,
				1964567B246465A100C98E5B /* VKNewsFeedModels.swift in Sources */,
				191933472466E29700450C8F /* String + Height.swift in Sources */,
				19708F2E2463DBFD00861C1F /* VKFeedResponse.swift in Sources */,
				1964567C246465A100C98E5B /* VKNewsFeedViewController.swift in Sources */,
				1949D59D2462D27D00DB776D /* FeedViewController.swift in Sources */,
				1933A5402463063B0099DC6C /* VKAPI.swift in Sources */,
				1964566F24640A1E00C98E5B /* NetworkDataFetcher.swift in Sources */,
				193931E02475C07F0010C5A9 /* GalleryCollectionView.swift in Sources */,
				19B7D1E7245A9A9A00824A24 /* SceneDelegate.swift in Sources */,
				1949D4DE24629E8800DB776D /* AuthService.swift in Sources */,
			);
			runOnlyForDeploymentPostprocessing = 0;
		};
/* End PBXSourcesBuildPhase section */

/* Begin PBXVariantGroup section */
		19B7D1EF245A9A9F00824A24 /* LaunchScreen.storyboard */ = {
			isa = PBXVariantGroup;
			children = (
				19B7D1F0245A9A9F00824A24 /* Base */,
			);
			name = LaunchScreen.storyboard;
			sourceTree = "<group>";
		};
/* End PBXVariantGroup section */

/* Begin XCBuildConfiguration section */
		19B7D1F3245A9A9F00824A24 /* Debug */ = {
			isa = XCBuildConfiguration;
			buildSettings = {
				ALWAYS_SEARCH_USER_PATHS = NO;
				CLANG_ANALYZER_NONNULL = YES;
				CLANG_ANALYZER_NUMBER_OBJECT_CONVERSION = YES_AGGRESSIVE;
				CLANG_CXX_LANGUAGE_STANDARD = "gnu++14";
				CLANG_CXX_LIBRARY = "libc++";
				CLANG_ENABLE_MODULES = YES;
				CLANG_ENABLE_OBJC_ARC = YES;
				CLANG_ENABLE_OBJC_WEAK = YES;
				CLANG_WARN_BLOCK_CAPTURE_AUTORELEASING = YES;
				CLANG_WARN_BOOL_CONVERSION = YES;
				CLANG_WARN_COMMA = YES;
				CLANG_WARN_CONSTANT_CONVERSION = YES;
				CLANG_WARN_DEPRECATED_OBJC_IMPLEMENTATIONS = YES;
				CLANG_WARN_DIRECT_OBJC_ISA_USAGE = YES_ERROR;
				CLANG_WARN_DOCUMENTATION_COMMENTS = YES;
				CLANG_WARN_EMPTY_BODY = YES;
				CLANG_WARN_ENUM_CONVERSION = YES;
				CLANG_WARN_INFINITE_RECURSION = YES;
				CLANG_WARN_INT_CONVERSION = YES;
				CLANG_WARN_NON_LITERAL_NULL_CONVERSION = YES;
				CLANG_WARN_OBJC_IMPLICIT_RETAIN_SELF = YES;
				CLANG_WARN_OBJC_LITERAL_CONVERSION = YES;
				CLANG_WARN_OBJC_ROOT_CLASS = YES_ERROR;
				CLANG_WARN_RANGE_LOOP_ANALYSIS = YES;
				CLANG_WARN_STRICT_PROTOTYPES = YES;
				CLANG_WARN_SUSPICIOUS_MOVE = YES;
				CLANG_WARN_UNGUARDED_AVAILABILITY = YES_AGGRESSIVE;
				CLANG_WARN_UNREACHABLE_CODE = YES;
				CLANG_WARN__DUPLICATE_METHOD_MATCH = YES;
				COPY_PHASE_STRIP = NO;
				DEBUG_INFORMATION_FORMAT = dwarf;
				ENABLE_STRICT_OBJC_MSGSEND = YES;
				ENABLE_TESTABILITY = YES;
				GCC_C_LANGUAGE_STANDARD = gnu11;
				GCC_DYNAMIC_NO_PIC = NO;
				GCC_NO_COMMON_BLOCKS = YES;
				GCC_OPTIMIZATION_LEVEL = 0;
				GCC_PREPROCESSOR_DEFINITIONS = (
					"DEBUG=1",
					"$(inherited)",
				);
				GCC_WARN_64_TO_32_BIT_CONVERSION = YES;
				GCC_WARN_ABOUT_RETURN_TYPE = YES_ERROR;
				GCC_WARN_UNDECLARED_SELECTOR = YES;
				GCC_WARN_UNINITIALIZED_AUTOS = YES_AGGRESSIVE;
				GCC_WARN_UNUSED_FUNCTION = YES;
				GCC_WARN_UNUSED_VARIABLE = YES;
				IPHONEOS_DEPLOYMENT_TARGET = 13.4;
				MTL_ENABLE_DEBUG_INFO = INCLUDE_SOURCE;
				MTL_FAST_MATH = YES;
				ONLY_ACTIVE_ARCH = YES;
				SDKROOT = iphoneos;
				SWIFT_ACTIVE_COMPILATION_CONDITIONS = DEBUG;
				SWIFT_OPTIMIZATION_LEVEL = "-Onone";
			};
			name = Debug;
		};
		19B7D1F4245A9A9F00824A24 /* Release */ = {
			isa = XCBuildConfiguration;
			buildSettings = {
				ALWAYS_SEARCH_USER_PATHS = NO;
				CLANG_ANALYZER_NONNULL = YES;
				CLANG_ANALYZER_NUMBER_OBJECT_CONVERSION = YES_AGGRESSIVE;
				CLANG_CXX_LANGUAGE_STANDARD = "gnu++14";
				CLANG_CXX_LIBRARY = "libc++";
				CLANG_ENABLE_MODULES = YES;
				CLANG_ENABLE_OBJC_ARC = YES;
				CLANG_ENABLE_OBJC_WEAK = YES;
				CLANG_WARN_BLOCK_CAPTURE_AUTORELEASING = YES;
				CLANG_WARN_BOOL_CONVERSION = YES;
				CLANG_WARN_COMMA = YES;
				CLANG_WARN_CONSTANT_CONVERSION = YES;
				CLANG_WARN_DEPRECATED_OBJC_IMPLEMENTATIONS = YES;
				CLANG_WARN_DIRECT_OBJC_ISA_USAGE = YES_ERROR;
				CLANG_WARN_DOCUMENTATION_COMMENTS = YES;
				CLANG_WARN_EMPTY_BODY = YES;
				CLANG_WARN_ENUM_CONVERSION = YES;
				CLANG_WARN_INFINITE_RECURSION = YES;
				CLANG_WARN_INT_CONVERSION = YES;
				CLANG_WARN_NON_LITERAL_NULL_CONVERSION = YES;
				CLANG_WARN_OBJC_IMPLICIT_RETAIN_SELF = YES;
				CLANG_WARN_OBJC_LITERAL_CONVERSION = YES;
				CLANG_WARN_OBJC_ROOT_CLASS = YES_ERROR;
				CLANG_WARN_RANGE_LOOP_ANALYSIS = YES;
				CLANG_WARN_STRICT_PROTOTYPES = YES;
				CLANG_WARN_SUSPICIOUS_MOVE = YES;
				CLANG_WARN_UNGUARDED_AVAILABILITY = YES_AGGRESSIVE;
				CLANG_WARN_UNREACHABLE_CODE = YES;
				CLANG_WARN__DUPLICATE_METHOD_MATCH = YES;
				COPY_PHASE_STRIP = NO;
				DEBUG_INFORMATION_FORMAT = "dwarf-with-dsym";
				ENABLE_NS_ASSERTIONS = NO;
				ENABLE_STRICT_OBJC_MSGSEND = YES;
				GCC_C_LANGUAGE_STANDARD = gnu11;
				GCC_NO_COMMON_BLOCKS = YES;
				GCC_WARN_64_TO_32_BIT_CONVERSION = YES;
				GCC_WARN_ABOUT_RETURN_TYPE = YES_ERROR;
				GCC_WARN_UNDECLARED_SELECTOR = YES;
				GCC_WARN_UNINITIALIZED_AUTOS = YES_AGGRESSIVE;
				GCC_WARN_UNUSED_FUNCTION = YES;
				GCC_WARN_UNUSED_VARIABLE = YES;
				IPHONEOS_DEPLOYMENT_TARGET = 13.4;
				MTL_ENABLE_DEBUG_INFO = NO;
				MTL_FAST_MATH = YES;
				SDKROOT = iphoneos;
				SWIFT_COMPILATION_MODE = wholemodule;
				SWIFT_OPTIMIZATION_LEVEL = "-O";
				VALIDATE_PRODUCT = YES;
			};
			name = Release;
		};
		19B7D1F6245A9A9F00824A24 /* Debug */ = {
			isa = XCBuildConfiguration;
			buildSettings = {
				ASSETCATALOG_COMPILER_APPICON_NAME = AppIcon;
				CODE_SIGN_STYLE = Automatic;
				DEVELOPMENT_TEAM = TQU76263MV;
				FRAMEWORK_SEARCH_PATHS = (
					"$(inherited)",
					"$(PROJECT_DIR)/Carthage/Build/iOS",
				);
				INFOPLIST_FILE = "$(SRCROOT)/Smart news feed/SupportingFiles/Info.plist";
				LD_RUNPATH_SEARCH_PATHS = (
					"$(inherited)",
					"@executable_path/Frameworks",
				);
				LIBRARY_SEARCH_PATHS = (
					"$(inherited)",
					"$(PROJECT_DIR)/Carthage/Build/iOS/VKSdkFramework.framework",
				);
				PRODUCT_BUNDLE_IDENTIFIER = com.damirLutfullin.SmartNewsFeed;
				PRODUCT_NAME = SmartNewsFeed;
				SWIFT_VERSION = 5.0;
				TARGETED_DEVICE_FAMILY = "1,2";
			};
			name = Debug;
		};
		19B7D1F7245A9A9F00824A24 /* Release */ = {
			isa = XCBuildConfiguration;
			buildSettings = {
				ASSETCATALOG_COMPILER_APPICON_NAME = AppIcon;
				CODE_SIGN_STYLE = Automatic;
				DEVELOPMENT_TEAM = TQU76263MV;
				FRAMEWORK_SEARCH_PATHS = (
					"$(inherited)",
					"$(PROJECT_DIR)/Carthage/Build/iOS",
				);
				INFOPLIST_FILE = "$(SRCROOT)/Smart news feed/SupportingFiles/Info.plist";
				LD_RUNPATH_SEARCH_PATHS = (
					"$(inherited)",
					"@executable_path/Frameworks",
				);
				LIBRARY_SEARCH_PATHS = (
					"$(inherited)",
					"$(PROJECT_DIR)/Carthage/Build/iOS/VKSdkFramework.framework",
				);
				PRODUCT_BUNDLE_IDENTIFIER = com.damirLutfullin.SmartNewsFeed;
				PRODUCT_NAME = SmartNewsFeed;
				SWIFT_VERSION = 5.0;
				TARGETED_DEVICE_FAMILY = "1,2";
			};
			name = Release;
		};
/* End XCBuildConfiguration section */

/* Begin XCConfigurationList section */
		19B7D1DC245A9A9A00824A24 /* Build configuration list for PBXProject "Smart news feed" */ = {
			isa = XCConfigurationList;
			buildConfigurations = (
				19B7D1F3245A9A9F00824A24 /* Debug */,
				19B7D1F4245A9A9F00824A24 /* Release */,
			);
			defaultConfigurationIsVisible = 0;
			defaultConfigurationName = Release;
		};
		19B7D1F5245A9A9F00824A24 /* Build configuration list for PBXNativeTarget "Smart news feed" */ = {
			isa = XCConfigurationList;
			buildConfigurations = (
				19B7D1F6245A9A9F00824A24 /* Debug */,
				19B7D1F7245A9A9F00824A24 /* Release */,
			);
			defaultConfigurationIsVisible = 0;
			defaultConfigurationName = Release;
		};
/* End XCConfigurationList section */
	};
	rootObject = 19B7D1D9245A9A9A00824A24 /* Project object */;
}
